{
  "originHash" : "e6dd197d46d422a728e7a44af17d355305c5da45034f8bef7c3a710f2bff7ab0",
  "pins" : [
    {
      "identity" : "eventsource",
      "kind" : "remoteSourceControl",
      "location" : "https://github.com/Recouse/EventSource",
      "state" : {
        "revision" : "d783b1cf60599dbcec6396c55a6bab33a1c92dc3",
        "version" : "0.1.4"
      }
    }
  ],
  "version" : 3
}
